
Microsoft Visual Studio Solution File, Format Version 12.00
# Visual Studio 15
VisualStudioVersion = 15.0.26730.16
MinimumVisualStudioVersion = 10.0.40219.1
Project("{FAE04EC0-301F-11D3-BF4B-00C04F79EFBC}") = "babylawya", "babylawya\babylawya.csproj", "{FC9C4E3A-1CD8-447B-A6F6-694CF06135A1}"
EndProject
Global
	GlobalSection(SolutionConfigurationPlatforms) = preSolution
		Debug|Any CPU = Debug|Any CPU
		Release|Any CPU = Release|Any CPU
	EndGlobalSection
	GlobalSection(ProjectConfigurationPlatforms) = postSolution
		{FC9C4E3A-1CD8-447B-A6F6-694CF06135A1}.Debug|Any CPU.ActiveCfg = Debug|Any CPU
		{FC9C4E3A-1CD8-447B-A6F6-694CF06135A1}.Debug|Any CPU.Build.0 = Debug|Any CPU
		{FC9C4E3A-1CD8-447B-A6F6-694CF06135A1}.Release|Any CPU.ActiveCfg = Release|Any CPU
		{FC9C4E3A-1CD8-447B-A6F6-694CF06135A1}.Release|Any CPU.Build.0 = Release|Any CPU
	EndGlobalSection
	GlobalSection(SolutionProperties) = preSolution
		HideSolutionNode = FALSE
	EndGlobalSection
	GlobalSection(ExtensibilityGlobals) = postSolution
		SolutionGuid = {C85A2FD3-D6E5-473E-BE97-97F7B6CD2B96}
	EndGlobalSection
EndGlobal
